// !$*UTF8*$!
{
	archiveVersion = 1;
	classes = {
	};
	objectVersion = 56;
	objects = {

/* Begin PBXBuildFile section */
		EF10759A2C00BBDB0098E2D2 /* TaskEditConroller.swift in Sources */ = {isa = PBXBuildFile; fileRef = EF1075992C00BBDB0098E2D2 /* TaskEditConroller.swift */; };
		EF10759C2C00C2170098E2D2 /* TaskTypeController.swift in Sources */ = {isa = PBXBuildFile; fileRef = EF10759B2C00C2170098E2D2 /* TaskTypeController.swift */; };
		EF10759F2C012A380098E2D2 /* TaskTypeCell.swift in Sources */ = {isa = PBXBuildFile; fileRef = EF10759D2C012A380098E2D2 /* TaskTypeCell.swift */; };
		EF1075A02C012A380098E2D2 /* TaskTypeCell.xib in Resources */ = {isa = PBXBuildFile; fileRef = EF10759E2C012A380098E2D2 /* TaskTypeCell.xib */; };
		EFFE5CEB2C00758D00D57C8D /* AppDelegate.swift in Sources */ = {isa = PBXBuildFile; fileRef = EFFE5CEA2C00758D00D57C8D /* AppDelegate.swift */; };
		EFFE5CED2C00758D00D57C8D /* SceneDelegate.swift in Sources */ = {isa = PBXBuildFile; fileRef = EFFE5CEC2C00758D00D57C8D /* SceneDelegate.swift */; };
		EFFE5CF22C00758D00D57C8D /* Base in Resources */ = {isa = PBXBuildFile; fileRef = EFFE5CF12C00758D00D57C8D /* Base */; };
		EFFE5CF42C00759000D57C8D /* Assets.xcassets in Resources */ = {isa = PBXBuildFile; fileRef = EFFE5CF32C00759000D57C8D /* Assets.xcassets */; };
		EFFE5CF72C00759000D57C8D /* Base in Resources */ = {isa = PBXBuildFile; fileRef = EFFE5CF62C00759000D57C8D /* Base */; };
		EFFE5CFF2C00765F00D57C8D /* TaskListController.swift in Sources */ = {isa = PBXBuildFile; fileRef = EFFE5CFE2C00765F00D57C8D /* TaskListController.swift */; };
		EFFE5D022C00770500D57C8D /* Task.swift in Sources */ = {isa = PBXBuildFile; fileRef = EFFE5D012C00770500D57C8D /* Task.swift */; };
		EFFE5D042C0078C200D57C8D /* TaskStorage.swift in Sources */ = {isa = PBXBuildFile; fileRef = EFFE5D032C0078C200D57C8D /* TaskStorage.swift */; };
		EFFE5D082C00845300D57C8D /* TaskCell.swift in Sources */ = {isa = PBXBuildFile; fileRef = EFFE5D072C00845300D57C8D /* TaskCell.swift */; };
/* End PBXBuildFile section */

/* Begin PBXFileReference section */
		EF1075992C00BBDB0098E2D2 /* TaskEditConroller.swift */ = {isa = PBXFileReference; lastKnownFileType = sourcecode.swift; path = TaskEditConroller.swift; sourceTree = "<group>"; };
		EF10759B2C00C2170098E2D2 /* TaskTypeController.swift */ = {isa = PBXFileReference; lastKnownFileType = sourcecode.swift; path = TaskTypeController.swift; sourceTree = "<group>"; };
		EF10759D2C012A380098E2D2 /* TaskTypeCell.swift */ = {isa = PBXFileReference; lastKnownFileType = sourcecode.swift; path = TaskTypeCell.swift; sourceTree = "<group>"; };
		EF10759E2C012A380098E2D2 /* TaskTypeCell.xib */ = {isa = PBXFileReference; lastKnownFileType = file.xib; path = TaskTypeCell.xib; sourceTree = "<group>"; };
		EFFE5CE72C00758D00D57C8D /* To-Do Manager.app */ = {isa = PBXFileReference; explicitFileType = wrapper.application; includeInIndex = 0; path = "To-Do Manager.app"; sourceTree = BUILT_PRODUCTS_DIR; };
		EFFE5CEA2C00758D00D57C8D /* AppDelegate.swift */ = {isa = PBXFileReference; lastKnownFileType = sourcecode.swift; path = AppDelegate.swift; sourceTree = "<group>"; };
		EFFE5CEC2C00758D00D57C8D /* SceneDelegate.swift */ = {isa = PBXFileReference; lastKnownFileType = sourcecode.swift; path = SceneDelegate.swift; sourceTree = "<group>"; };
		EFFE5CF12C00758D00D57C8D /* Base */ = {isa = PBXFileReference; lastKnownFileType = file.storyboard; name = Base; path = Base.lproj/Main.storyboard; sourceTree = "<group>"; };
		EFFE5CF32C00759000D57C8D /* Assets.xcassets */ = {isa = PBXFileReference; lastKnownFileType = folder.assetcatalog; path = Assets.xcassets; sourceTree = "<group>"; };
		EFFE5CF62C00759000D57C8D /* Base */ = {isa = PBXFileReference; lastKnownFileType = file.storyboard; name = Base; path = Base.lproj/LaunchScreen.storyboard; sourceTree = "<group>"; };
		EFFE5CF82C00759000D57C8D /* Info.plist */ = {isa = PBXFileReference; lastKnownFileType = text.plist.xml; path = Info.plist; sourceTree = "<group>"; };
		EFFE5CFE2C00765F00D57C8D /* TaskListController.swift */ = {isa = PBXFileReference; lastKnownFileType = sourcecode.swift; path = TaskListController.swift; sourceTree = "<group>"; };
		EFFE5D012C00770500D57C8D /* Task.swift */ = {isa = PBXFileReference; lastKnownFileType = sourcecode.swift; path = Task.swift; sourceTree = "<group>"; };
		EFFE5D032C0078C200D57C8D /* TaskStorage.swift */ = {isa = PBXFileReference; lastKnownFileType = sourcecode.swift; path = TaskStorage.swift; sourceTree = "<group>"; };
		EFFE5D072C00845300D57C8D /* TaskCell.swift */ = {isa = PBXFileReference; lastKnownFileType = sourcecode.swift; path = TaskCell.swift; sourceTree = "<group>"; };
/* End PBXFileReference section */

/* Begin PBXFrameworksBuildPhase section */
		EFFE5CE42C00758D00D57C8D /* Frameworks */ = {
			isa = PBXFrameworksBuildPhase;
			buildActionMask = 2147483647;
			files = (
			);
			runOnlyForDeploymentPostprocessing = 0;
		};
/* End PBXFrameworksBuildPhase section */

/* Begin PBXGroup section */
		EFFE5CDE2C00758D00D57C8D = {
			isa = PBXGroup;
			children = (
				EFFE5CE92C00758D00D57C8D /* To-Do Manager */,
				EFFE5CE82C00758D00D57C8D /* Products */,
			);
			sourceTree = "<group>";
		};
		EFFE5CE82C00758D00D57C8D /* Products */ = {
			isa = PBXGroup;
			children = (
				EFFE5CE72C00758D00D57C8D /* To-Do Manager.app */,
			);
			name = Products;
			sourceTree = "<group>";
		};
		EFFE5CE92C00758D00D57C8D /* To-Do Manager */ = {
			isa = PBXGroup;
			children = (
				EFFE5D052C00841A00D57C8D /* View */,
				EFFE5D002C0076FA00D57C8D /* Model */,
				EFFE5CEA2C00758D00D57C8D /* AppDelegate.swift */,
				EFFE5CEC2C00758D00D57C8D /* SceneDelegate.swift */,
				EFFE5CF02C00758D00D57C8D /* Main.storyboard */,
				EFFE5CF32C00759000D57C8D /* Assets.xcassets */,
				EFFE5CF52C00759000D57C8D /* LaunchScreen.storyboard */,
				EFFE5CF82C00759000D57C8D /* Info.plist */,
				EFFE5CFE2C00765F00D57C8D /* TaskListController.swift */,
				EF1075992C00BBDB0098E2D2 /* TaskEditConroller.swift */,
				EF10759B2C00C2170098E2D2 /* TaskTypeController.swift */,
			);
			path = "To-Do Manager";
			sourceTree = "<group>";
		};
		EFFE5D002C0076FA00D57C8D /* Model */ = {
			isa = PBXGroup;
			children = (
				EFFE5D012C00770500D57C8D /* Task.swift */,
				EFFE5D032C0078C200D57C8D /* TaskStorage.swift */,
			);
			path = Model;
			sourceTree = "<group>";
		};
		EFFE5D052C00841A00D57C8D /* View */ = {
			isa = PBXGroup;
			children = (
				EFFE5D062C00842000D57C8D /* Cells */,
			);
			path = View;
			sourceTree = "<group>";
		};
		EFFE5D062C00842000D57C8D /* Cells */ = {
			isa = PBXGroup;
			children = (
				EFFE5D072C00845300D57C8D /* TaskCell.swift */,
				EF10759D2C012A380098E2D2 /* TaskTypeCell.swift */,
				EF10759E2C012A380098E2D2 /* TaskTypeCell.xib */,
			);
			path = Cells;
			sourceTree = "<group>";
		};
/* End PBXGroup section */

/* Begin PBXNativeTarget section */
		EFFE5CE62C00758D00D57C8D /* To-Do Manager */ = {
			isa = PBXNativeTarget;
			buildConfigurationList = EFFE5CFB2C00759000D57C8D /* Build configuration list for PBXNativeTarget "To-Do Manager" */;
			buildPhases = (
				EFFE5CE32C00758D00D57C8D /* Sources */,
				EFFE5CE42C00758D00D57C8D /* Frameworks */,
				EFFE5CE52C00758D00D57C8D /* Resources */,
			);
			buildRules = (
			);
			dependencies = (
			);
			name = "To-Do Manager";
			productName = "To-Do Manager";
			productReference = EFFE5CE72C00758D00D57C8D /* To-Do Manager.app */;
			productType = "com.apple.product-type.application";
		};
/* End PBXNativeTarget section */

/* Begin PBXProject section */
		EFFE5CDF2C00758D00D57C8D /* Project object */ = {
			isa = PBXProject;
			attributes = {
				BuildIndependentTargetsInParallel = 1;
				LastSwiftUpdateCheck = 1540;
				LastUpgradeCheck = 1540;
				TargetAttributes = {
					EFFE5CE62C00758D00D57C8D = {
						CreatedOnToolsVersion = 15.4;
					};
				};
			};
			buildConfigurationList = EFFE5CE22C00758D00D57C8D /* Build configuration list for PBXProject "To-Do Manager" */;
			compatibilityVersion = "Xcode 14.0";
			developmentRegion = en;
			hasScannedForEncodings = 0;
			knownRegions = (
				en,
				Base,
			);
			mainGroup = EFFE5CDE2C00758D00D57C8D;
			productRefGroup = EFFE5CE82C00758D00D57C8D /* Products */;
			projectDirPath = "";
			projectRoot = "";
			targets = (
				EFFE5CE62C00758D00D57C8D /* To-Do Manager */,
			);
		};
/* End PBXProject section */

/* Begin PBXResourcesBuildPhase section */
		EFFE5CE52C00758D00D57C8D /* Resources */ = {
			isa = PBXResourcesBuildPhase;
			buildActionMask = 2147483647;
			files = (
				EFFE5CF42C00759000D57C8D /* Assets.xcassets in Resources */,
				EFFE5CF72C00759000D57C8D /* Base in Resources */,
				EF1075A02C012A380098E2D2 /* TaskTypeCell.xib in Resources */,
				EFFE5CF22C00758D00D57C8D /* Base in Resources */,
			);
			runOnlyForDeploymentPostprocessing = 0;
		};
/* End PBXResourcesBuildPhase section */

/* Begin PBXSourcesBuildPhase section */
		EFFE5CE32C00758D00D57C8D /* Sources */ = {
			isa = PBXSourcesBuildPhase;
			buildActionMask = 2147483647;
			files = (
				EFFE5D022C00770500D57C8D /* Task.swift in Sources */,
				EFFE5CEB2C00758D00D57C8D /* AppDelegate.swift in Sources */,
				EF10759A2C00BBDB0098E2D2 /* TaskEditConroller.swift in Sources */,
				EFFE5CED2C00758D00D57C8D /* SceneDelegate.swift in Sources */,
				EF10759C2C00C2170098E2D2 /* TaskTypeController.swift in Sources */,
				EFFE5D042C0078C200D57C8D /* TaskStorage.swift in Sources */,
				EFFE5D082C00845300D57C8D /* TaskCell.swift in Sources */,
				EFFE5CFF2C00765F00D57C8D /* TaskListController.swift in Sources */,
				EF10759F2C012A380098E2D2 /* TaskTypeCell.swift in Sources */,
			);
			runOnlyForDeploymentPostprocessing = 0;
		};
/* End PBXSourcesBuildPhase section */

/* Begin PBXVariantGroup section */
		EFFE5CF02C00758D00D57C8D /* Main.storyboard */ = {
			isa = PBXVariantGroup;
			children = (
				EFFE5CF12C00758D00D57C8D /* Base */,
			);
			name = Main.storyboard;
			sourceTree = "<group>";
		};
		EFFE5CF52C00759000D57C8D /* LaunchScreen.storyboard */ = {
			isa = PBXVariantGroup;
			children = (
				EFFE5CF62C00759000D57C8D /* Base */,
			);
			name = LaunchScreen.storyboard;
			sourceTree = "<group>";
		};
/* End PBXVariantGroup section */

/* Begin XCBuildConfiguration section */
		EFFE5CF92C00759000D57C8D /* Debug */ = {
			isa = XCBuildConfiguration;
			buildSettings = {
				ALWAYS_SEARCH_USER_PATHS = NO;
				ASSETCATALOG_COMPILER_GENERATE_SWIFT_ASSET_SYMBOL_EXTENSIONS = YES;
				CLANG_ANALYZER_NONNULL = YES;
				CLANG_ANALYZER_NUMBER_OBJECT_CONVERSION = YES_AGGRESSIVE;
				CLANG_CXX_LANGUAGE_STANDARD = "gnu++20";
				CLANG_ENABLE_MODULES = YES;
				CLANG_ENABLE_OBJC_ARC = YES;
				CLANG_ENABLE_OBJC_WEAK = YES;
				CLANG_WARN_BLOCK_CAPTURE_AUTORELEASING = YES;
				CLANG_WARN_BOOL_CONVERSION = YES;
				CLANG_WARN_COMMA = YES;
				CLANG_WARN_CONSTANT_CONVERSION = YES;
				CLANG_WARN_DEPRECATED_OBJC_IMPLEMENTATIONS = YES;
				CLANG_WARN_DIRECT_OBJC_ISA_USAGE = YES_ERROR;
				CLANG_WARN_DOCUMENTATION_COMMENTS = YES;
				CLANG_WARN_EMPTY_BODY = YES;
				CLANG_WARN_ENUM_CONVERSION = YES;
				CLANG_WARN_INFINITE_RECURSION = YES;
				CLANG_WARN_INT_CONVERSION = YES;
				CLANG_WARN_NON_LITERAL_NULL_CONVERSION = YES;
				CLANG_WARN_OBJC_IMPLICIT_RETAIN_SELF = YES;
				CLANG_WARN_OBJC_LITERAL_CONVERSION = YES;
				CLANG_WARN_OBJC_ROOT_CLASS = YES_ERROR;
				CLANG_WARN_QUOTED_INCLUDE_IN_FRAMEWORK_HEADER = YES;
				CLANG_WARN_RANGE_LOOP_ANALYSIS = YES;
				CLANG_WARN_STRICT_PROTOTYPES = YES;
				CLANG_WARN_SUSPICIOUS_MOVE = YES;
				CLANG_WARN_UNGUARDED_AVAILABILITY = YES_AGGRESSIVE;
				CLANG_WARN_UNREACHABLE_CODE = YES;
				CLANG_WARN__DUPLICATE_METHOD_MATCH = YES;
				COPY_PHASE_STRIP = NO;
				DEBUG_INFORMATION_FORMAT = dwarf;
				ENABLE_STRICT_OBJC_MSGSEND = YES;
				ENABLE_TESTABILITY = YES;
				ENABLE_USER_SCRIPT_SANDBOXING = YES;
				GCC_C_LANGUAGE_STANDARD = gnu17;
				GCC_DYNAMIC_NO_PIC = NO;
				GCC_NO_COMMON_BLOCKS = YES;
				GCC_OPTIMIZATION_LEVEL = 0;
				GCC_PREPROCESSOR_DEFINITIONS = (
					"DEBUG=1",
					"$(inherited)",
				);
				GCC_WARN_64_TO_32_BIT_CONVERSION = YES;
				GCC_WARN_ABOUT_RETURN_TYPE = YES_ERROR;
				GCC_WARN_UNDECLARED_SELECTOR = YES;
				GCC_WARN_UNINITIALIZED_AUTOS = YES_AGGRESSIVE;
				GCC_WARN_UNUSED_FUNCTION = YES;
				GCC_WARN_UNUSED_VARIABLE = YES;
				IPHONEOS_DEPLOYMENT_TARGET = 17.5;
				LOCALIZATION_PREFERS_STRING_CATALOGS = YES;
				MTL_ENABLE_DEBUG_INFO = INCLUDE_SOURCE;
				MTL_FAST_MATH = YES;
				ONLY_ACTIVE_ARCH = YES;
				SDKROOT = iphoneos;
				SWIFT_ACTIVE_COMPILATION_CONDITIONS = "DEBUG $(inherited)";
				SWIFT_OPTIMIZATION_LEVEL = "-Onone";
			};
			name = Debug;
		};
		EFFE5CFA2C00759000D57C8D /* Release */ = {
			isa = XCBuildConfiguration;
			buildSettings = {
				ALWAYS_SEARCH_USER_PATHS = NO;
				ASSETCATALOG_COMPILER_GENERATE_SWIFT_ASSET_SYMBOL_EXTENSIONS = YES;
				CLANG_ANALYZER_NONNULL = YES;
				CLANG_ANALYZER_NUMBER_OBJECT_CONVERSION = YES_AGGRESSIVE;
				CLANG_CXX_LANGUAGE_STANDARD = "gnu++20";
				CLANG_ENABLE_MODULES = YES;
				CLANG_ENABLE_OBJC_ARC = YES;
				CLANG_ENABLE_OBJC_WEAK = YES;
				CLANG_WARN_BLOCK_CAPTURE_AUTORELEASING = YES;
				CLANG_WARN_BOOL_CONVERSION = YES;
				CLANG_WARN_COMMA = YES;
				CLANG_WARN_CONSTANT_CONVERSION = YES;
				CLANG_WARN_DEPRECATED_OBJC_IMPLEMENTATIONS = YES;
				CLANG_WARN_DIRECT_OBJC_ISA_USAGE = YES_ERROR;
				CLANG_WARN_DOCUMENTATION_COMMENTS = YES;
				CLANG_WARN_EMPTY_BODY = YES;
				CLANG_WARN_ENUM_CONVERSION = YES;
				CLANG_WARN_INFINITE_RECURSION = YES;
				CLANG_WARN_INT_CONVERSION = YES;
				CLANG_WARN_NON_LITERAL_NULL_CONVERSION = YES;
				CLANG_WARN_OBJC_IMPLICIT_RETAIN_SELF = YES;
				CLANG_WARN_OBJC_LITERAL_CONVERSION = YES;
				CLANG_WARN_OBJC_ROOT_CLASS = YES_ERROR;
				CLANG_WARN_QUOTED_INCLUDE_IN_FRAMEWORK_HEADER = YES;
				CLANG_WARN_RANGE_LOOP_ANALYSIS = YES;
				CLANG_WARN_STRICT_PROTOTYPES = YES;
				CLANG_WARN_SUSPICIOUS_MOVE = YES;
				CLANG_WARN_UNGUARDED_AVAILABILITY = YES_AGGRESSIVE;
				CLANG_WARN_UNREACHABLE_CODE = YES;
				CLANG_WARN__DUPLICATE_METHOD_MATCH = YES;
				COPY_PHASE_STRIP = NO;
				DEBUG_INFORMATION_FORMAT = "dwarf-with-dsym";
				ENABLE_NS_ASSERTIONS = NO;
				ENABLE_STRICT_OBJC_MSGSEND = YES;
				ENABLE_USER_SCRIPT_SANDBOXING = YES;
				GCC_C_LANGUAGE_STANDARD = gnu17;
				GCC_NO_COMMON_BLOCKS = YES;
				GCC_WARN_64_TO_32_BIT_CONVERSION = YES;
				GCC_WARN_ABOUT_RETURN_TYPE = YES_ERROR;
				GCC_WARN_UNDECLARED_SELECTOR = YES;
				GCC_WARN_UNINITIALIZED_AUTOS = YES_AGGRESSIVE;
				GCC_WARN_UNUSED_FUNCTION = YES;
				GCC_WARN_UNUSED_VARIABLE = YES;
				IPHONEOS_DEPLOYMENT_TARGET = 17.5;
				LOCALIZATION_PREFERS_STRING_CATALOGS = YES;
				MTL_ENABLE_DEBUG_INFO = NO;
				MTL_FAST_MATH = YES;
				SDKROOT = iphoneos;
				SWIFT_COMPILATION_MODE = wholemodule;
				VALIDATE_PRODUCT = YES;
			};
			name = Release;
		};
		EFFE5CFC2C00759000D57C8D /* Debug */ = {
			isa = XCBuildConfiguration;
			buildSettings = {
				ASSETCATALOG_COMPILER_APPICON_NAME = AppIcon;
				ASSETCATALOG_COMPILER_GLOBAL_ACCENT_COLOR_NAME = AccentColor;
				CODE_SIGN_STYLE = Automatic;
				CURRENT_PROJECT_VERSION = 1;
				GENERATE_INFOPLIST_FILE = YES;
				INFOPLIST_FILE = "To-Do Manager/Info.plist";
				INFOPLIST_KEY_UIApplicationSupportsIndirectInputEvents = YES;
				INFOPLIST_KEY_UILaunchStoryboardName = LaunchScreen;
				INFOPLIST_KEY_UIMainStoryboardFile = Main;
				INFOPLIST_KEY_UIStatusBarStyle = UIStatusBarStyleLightContent;
				INFOPLIST_KEY_UISupportedInterfaceOrientations_iPad = "UIInterfaceOrientationPortrait UIInterfaceOrientationPortraitUpsideDown UIInterfaceOrientationLandscapeLeft UIInterfaceOrientationLandscapeRight";
				INFOPLIST_KEY_UISupportedInterfaceOrientations_iPhone = "UIInterfaceOrientationPortrait UIInterfaceOrientationLandscapeLeft UIInterfaceOrientationLandscapeRight";
				LD_RUNPATH_SEARCH_PATHS = (
					"$(inherited)",
					"@executable_path/Frameworks",
				);
				MARKETING_VERSION = 1.0;
				PRODUCT_BUNDLE_IDENTIFIER = "x.To-Do-Manager";
				PRODUCT_NAME = "$(TARGET_NAME)";
				SWIFT_EMIT_LOC_STRINGS = YES;
				SWIFT_VERSION = 5.0;
				TARGETED_DEVICE_FAMILY = "1,2";
			};
			name = Debug;
		};
		EFFE5CFD2C00759000D57C8D /* Release */ = {
			isa = XCBuildConfiguration;
			buildSettings = {
				ASSETCATALOG_COMPILER_APPICON_NAME = AppIcon;
				ASSETCATALOG_COMPILER_GLOBAL_ACCENT_COLOR_NAME = AccentColor;
				CODE_SIGN_STYLE = Automatic;
				CURRENT_PROJECT_VERSION = 1;
				GENERATE_INFOPLIST_FILE = YES;
				INFOPLIST_FILE = "To-Do Manager/Info.plist";
				INFOPLIST_KEY_UIApplicationSupportsIndirectInputEvents = YES;
				INFOPLIST_KEY_UILaunchStoryboardName = LaunchScreen;
				INFOPLIST_KEY_UIMainStoryboardFile = Main;
				INFOPLIST_KEY_UIStatusBarStyle = UIStatusBarStyleLightContent;
				INFOPLIST_KEY_UISupportedInterfaceOrientations_iPad = "UIInterfaceOrientationPortrait UIInterfaceOrientationPortraitUpsideDown UIInterfaceOrientationLandscapeLeft UIInterfaceOrientationLandscapeRight";
				INFOPLIST_KEY_UISupportedInterfaceOrientations_iPhone = "UIInterfaceOrientationPortrait UIInterfaceOrientationLandscapeLeft UIInterfaceOrientationLandscapeRight";
				LD_RUNPATH_SEARCH_PATHS = (
					"$(inherited)",
					"@executable_path/Frameworks",
				);
				MARKETING_VERSION = 1.0;
				PRODUCT_BUNDLE_IDENTIFIER = "x.To-Do-Manager";
				PRODUCT_NAME = "$(TARGET_NAME)";
				SWIFT_EMIT_LOC_STRINGS = YES;
				SWIFT_VERSION = 5.0;
				TARGETED_DEVICE_FAMILY = "1,2";
			};
			name = Release;
		};
/* End XCBuildConfiguration section */

/* Begin XCConfigurationList section */
		EFFE5CE22C00758D00D57C8D /* Build configuration list for PBXProject "To-Do Manager" */ = {
			isa = XCConfigurationList;
			buildConfigurations = (
				EFFE5CF92C00759000D57C8D /* Debug */,
				EFFE5CFA2C00759000D57C8D /* Release */,
			);
			defaultConfigurationIsVisible = 0;
			defaultConfigurationName = Release;
		};
		EFFE5CFB2C00759000D57C8D /* Build configuration list for PBXNativeTarget "To-Do Manager" */ = {
			isa = XCConfigurationList;
			buildConfigurations = (
				EFFE5CFC2C00759000D57C8D /* Debug */,
				EFFE5CFD2C00759000D57C8D /* Release */,
			);
			defaultConfigurationIsVisible = 0;
			defaultConfigurationName = Release;
		};
/* End XCConfigurationList section */
	};
	rootObject = EFFE5CDF2C00758D00D57C8D /* Project object */;
}
